// !$*UTF8*$!
{
	archiveVersion = 1;
	classes = {
	};
	objectVersion = 46;
	objects = {

/* Begin PBXBuildFile section */
		3F36117D1CB010910048AAEC /* OrganizationsViewController.swift in Sources */ = {isa = PBXBuildFile; fileRef = 3F36117C1CB010910048AAEC /* OrganizationsViewController.swift */; };
		AEB9C3221CAA04E7001163EE /* AppDelegate.swift in Sources */ = {isa = PBXBuildFile; fileRef = AEB9C3211CAA04E7001163EE /* AppDelegate.swift */; };
		AEB9C3241CAA04E7001163EE /* LoginViewController.swift in Sources */ = {isa = PBXBuildFile; fileRef = AEB9C3231CAA04E7001163EE /* LoginViewController.swift */; };
		AEB9C3271CAA04E7001163EE /* Main.storyboard in Resources */ = {isa = PBXBuildFile; fileRef = AEB9C3251CAA04E7001163EE /* Main.storyboard */; };
		AEB9C32A1CAA04E7001163EE /* Women_On_Call.xcdatamodeld in Sources */ = {isa = PBXBuildFile; fileRef = AEB9C3281CAA04E7001163EE /* Women_On_Call.xcdatamodeld */; };
		AEB9C32C1CAA04E7001163EE /* Assets.xcassets in Resources */ = {isa = PBXBuildFile; fileRef = AEB9C32B1CAA04E7001163EE /* Assets.xcassets */; };
		AEB9C32F1CAA04E7001163EE /* LaunchScreen.storyboard in Resources */ = {isa = PBXBuildFile; fileRef = AEB9C32D1CAA04E7001163EE /* LaunchScreen.storyboard */; };
		AEB9C33A1CAA04E7001163EE /* Women_On_CallTests.swift in Sources */ = {isa = PBXBuildFile; fileRef = AEB9C3391CAA04E7001163EE /* Women_On_CallTests.swift */; };
/* End PBXBuildFile section */

/* Begin PBXContainerItemProxy section */
		AEB9C3361CAA04E7001163EE /* PBXContainerItemProxy */ = {
			isa = PBXContainerItemProxy;
			containerPortal = AEB9C3161CAA04E7001163EE /* Project object */;
			proxyType = 1;
			remoteGlobalIDString = AEB9C31D1CAA04E7001163EE;
			remoteInfo = "Women On Call";
		};
/* End PBXContainerItemProxy section */

/* Begin PBXFileReference section */
		3F36117C1CB010910048AAEC /* OrganizationsViewController.swift */ = {isa = PBXFileReference; fileEncoding = 4; lastKnownFileType = sourcecode.swift; path = OrganizationsViewController.swift; sourceTree = "<group>"; };
		AEB9C31E1CAA04E7001163EE /* Women On Call.app */ = {isa = PBXFileReference; explicitFileType = wrapper.application; includeInIndex = 0; path = "Women On Call.app"; sourceTree = BUILT_PRODUCTS_DIR; };
		AEB9C3211CAA04E7001163EE /* AppDelegate.swift */ = {isa = PBXFileReference; lastKnownFileType = sourcecode.swift; path = AppDelegate.swift; sourceTree = "<group>"; };
		AEB9C3231CAA04E7001163EE /* LoginViewController.swift */ = {isa = PBXFileReference; lastKnownFileType = sourcecode.swift; path = LoginViewController.swift; sourceTree = "<group>"; };
		AEB9C3261CAA04E7001163EE /* Base */ = {isa = PBXFileReference; lastKnownFileType = file.storyboard; name = Base; path = Base.lproj/Main.storyboard; sourceTree = "<group>"; };
		AEB9C3291CAA04E7001163EE /* Women_On_Call.xcdatamodel */ = {isa = PBXFileReference; lastKnownFileType = wrapper.xcdatamodel; path = Women_On_Call.xcdatamodel; sourceTree = "<group>"; };
		AEB9C32B1CAA04E7001163EE /* Assets.xcassets */ = {isa = PBXFileReference; lastKnownFileType = folder.assetcatalog; path = Assets.xcassets; sourceTree = "<group>"; };
		AEB9C32E1CAA04E7001163EE /* Base */ = {isa = PBXFileReference; lastKnownFileType = file.storyboard; name = Base; path = Base.lproj/LaunchScreen.storyboard; sourceTree = "<group>"; };
		AEB9C3301CAA04E7001163EE /* Info.plist */ = {isa = PBXFileReference; lastKnownFileType = text.plist.xml; path = Info.plist; sourceTree = "<group>"; };
		AEB9C3351CAA04E7001163EE /* Women On CallTests.xctest */ = {isa = PBXFileReference; explicitFileType = wrapper.cfbundle; includeInIndex = 0; path = "Women On CallTests.xctest"; sourceTree = BUILT_PRODUCTS_DIR; };
		AEB9C3391CAA04E7001163EE /* Women_On_CallTests.swift */ = {isa = PBXFileReference; lastKnownFileType = sourcecode.swift; path = Women_On_CallTests.swift; sourceTree = "<group>"; };
		AEB9C33B1CAA04E7001163EE /* Info.plist */ = {isa = PBXFileReference; lastKnownFileType = text.plist.xml; path = Info.plist; sourceTree = "<group>"; };
/* End PBXFileReference section */

/* Begin PBXFrameworksBuildPhase section */
		AEB9C31B1CAA04E7001163EE /* Frameworks */ = {
			isa = PBXFrameworksBuildPhase;
			buildActionMask = 2147483647;
			files = (
			);
			runOnlyForDeploymentPostprocessing = 0;
		};
		AEB9C3321CAA04E7001163EE /* Frameworks */ = {
			isa = PBXFrameworksBuildPhase;
			buildActionMask = 2147483647;
			files = (
			);
			runOnlyForDeploymentPostprocessing = 0;
		};
/* End PBXFrameworksBuildPhase section */

/* Begin PBXGroup section */
		AEB9C3151CAA04E7001163EE = {
			isa = PBXGroup;
			children = (
				AEB9C3201CAA04E7001163EE /* Women On Call */,
				AEB9C3381CAA04E7001163EE /* Women On CallTests */,
				AEB9C31F1CAA04E7001163EE /* Products */,
			);
			sourceTree = "<group>";
		};
		AEB9C31F1CAA04E7001163EE /* Products */ = {
			isa = PBXGroup;
			children = (
				AEB9C31E1CAA04E7001163EE /* Women On Call.app */,
				AEB9C3351CAA04E7001163EE /* Women On CallTests.xctest */,
			);
			name = Products;
			sourceTree = "<group>";
		};
		AEB9C3201CAA04E7001163EE /* Women On Call */ = {
			isa = PBXGroup;
			children = (
				AEB9C3211CAA04E7001163EE /* AppDelegate.swift */,
				AEB9C3231CAA04E7001163EE /* LoginViewController.swift */,
				AEB9C3251CAA04E7001163EE /* Main.storyboard */,
				AEB9C32B1CAA04E7001163EE /* Assets.xcassets */,
				AEB9C32D1CAA04E7001163EE /* LaunchScreen.storyboard */,
				AEB9C3301CAA04E7001163EE /* Info.plist */,
				AEB9C3281CAA04E7001163EE /* Women_On_Call.xcdatamodeld */,
				3F36117C1CB010910048AAEC /* OrganizationsViewController.swift */,
			);
			path = "Women On Call";
			sourceTree = "<group>";
		};
		AEB9C3381CAA04E7001163EE /* Women On CallTests */ = {
			isa = PBXGroup;
			children = (
				AEB9C3391CAA04E7001163EE /* Women_On_CallTests.swift */,
				AEB9C33B1CAA04E7001163EE /* Info.plist */,
			);
			path = "Women On CallTests";
			sourceTree = "<group>";
		};
/* End PBXGroup section */

/* Begin PBXNativeTarget section */
		AEB9C31D1CAA04E7001163EE /* Women On Call */ = {
			isa = PBXNativeTarget;
			buildConfigurationList = AEB9C33E1CAA04E8001163EE /* Build configuration list for PBXNativeTarget "Women On Call" */;
			buildPhases = (
				AEB9C31A1CAA04E7001163EE /* Sources */,
				AEB9C31B1CAA04E7001163EE /* Frameworks */,
				AEB9C31C1CAA04E7001163EE /* Resources */,
			);
			buildRules = (
			);
			dependencies = (
			);
			name = "Women On Call";
			productName = "Women On Call";
			productReference = AEB9C31E1CAA04E7001163EE /* Women On Call.app */;
			productType = "com.apple.product-type.application";
		};
		AEB9C3341CAA04E7001163EE /* Women On CallTests */ = {
			isa = PBXNativeTarget;
			buildConfigurationList = AEB9C3411CAA04E8001163EE /* Build configuration list for PBXNativeTarget "Women On CallTests" */;
			buildPhases = (
				AEB9C3311CAA04E7001163EE /* Sources */,
				AEB9C3321CAA04E7001163EE /* Frameworks */,
				AEB9C3331CAA04E7001163EE /* Resources */,
			);
			buildRules = (
			);
			dependencies = (
				AEB9C3371CAA04E7001163EE /* PBXTargetDependency */,
			);
			name = "Women On CallTests";
			productName = "Women On CallTests";
			productReference = AEB9C3351CAA04E7001163EE /* Women On CallTests.xctest */;
			productType = "com.apple.product-type.bundle.unit-test";
		};
/* End PBXNativeTarget section */

/* Begin PBXProject section */
		AEB9C3161CAA04E7001163EE /* Project object */ = {
			isa = PBXProject;
			attributes = {
				LastSwiftUpdateCheck = 0720;
				LastUpgradeCheck = 0720;
				ORGANIZATIONNAME = "Chi Ladies Hack";
				TargetAttributes = {
					AEB9C31D1CAA04E7001163EE = {
						CreatedOnToolsVersion = 7.2;
					};
					AEB9C3341CAA04E7001163EE = {
						CreatedOnToolsVersion = 7.2;
						TestTargetID = AEB9C31D1CAA04E7001163EE;
					};
				};
			};
			buildConfigurationList = AEB9C3191CAA04E7001163EE /* Build configuration list for PBXProject "Women On Call" */;
			compatibilityVersion = "Xcode 3.2";
			developmentRegion = English;
			hasScannedForEncodings = 0;
			knownRegions = (
				en,
				Base,
			);
			mainGroup = AEB9C3151CAA04E7001163EE;
			productRefGroup = AEB9C31F1CAA04E7001163EE /* Products */;
			projectDirPath = "";
			projectRoot = "";
			targets = (
				AEB9C31D1CAA04E7001163EE /* Women On Call */,
				AEB9C3341CAA04E7001163EE /* Women On CallTests */,
			);
		};
/* End PBXProject section */

/* Begin PBXResourcesBuildPhase section */
		AEB9C31C1CAA04E7001163EE /* Resources */ = {
			isa = PBXResourcesBuildPhase;
			buildActionMask = 2147483647;
			files = (
				AEB9C32F1CAA04E7001163EE /* LaunchScreen.storyboard in Resources */,
				AEB9C32C1CAA04E7001163EE /* Assets.xcassets in Resources */,
				AEB9C3271CAA04E7001163EE /* Main.storyboard in Resources */,
			);
			runOnlyForDeploymentPostprocessing = 0;
		};
		AEB9C3331CAA04E7001163EE /* Resources */ = {
			isa = PBXResourcesBuildPhase;
			buildActionMask = 2147483647;
			files = (
			);
			runOnlyForDeploymentPostprocessing = 0;
		};
/* End PBXResourcesBuildPhase section */

/* Begin PBXSourcesBuildPhase section */
		AEB9C31A1CAA04E7001163EE /* Sources */ = {
			isa = PBXSourcesBuildPhase;
			buildActionMask = 2147483647;
			files = (
				AEB9C3241CAA04E7001163EE /* LoginViewController.swift in Sources */,
				3F36117D1CB010910048AAEC /* OrganizationsViewController.swift in Sources */,
				AEB9C32A1CAA04E7001163EE /* Women_On_Call.xcdatamodeld in Sources */,
				AEB9C3221CAA04E7001163EE /* AppDelegate.swift in Sources */,
			);
			runOnlyForDeploymentPostprocessing = 0;
		};
		AEB9C3311CAA04E7001163EE /* Sources */ = {
			isa = PBXSourcesBuildPhase;
			buildActionMask = 2147483647;
			files = (
				AEB9C33A1CAA04E7001163EE /* Women_On_CallTests.swift in Sources */,
			);
			runOnlyForDeploymentPostprocessing = 0;
		};
/* End PBXSourcesBuildPhase section */

/* Begin PBXTargetDependency section */
		AEB9C3371CAA04E7001163EE /* PBXTargetDependency */ = {
			isa = PBXTargetDependency;
			target = AEB9C31D1CAA04E7001163EE /* Women On Call */;
			targetProxy = AEB9C3361CAA04E7001163EE /* PBXContainerItemProxy */;
		};
/* End PBXTargetDependency section */

/* Begin PBXVariantGroup section */
		AEB9C3251CAA04E7001163EE /* Main.storyboard */ = {
			isa = PBXVariantGroup;
			children = (
				AEB9C3261CAA04E7001163EE /* Base */,
			);
			name = Main.storyboard;
			sourceTree = "<group>";
		};
		AEB9C32D1CAA04E7001163EE /* LaunchScreen.storyboard */ = {
			isa = PBXVariantGroup;
			children = (
				AEB9C32E1CAA04E7001163EE /* Base */,
			);
			name = LaunchScreen.storyboard;
			sourceTree = "<group>";
		};
/* End PBXVariantGroup section */

/* Begin XCBuildConfiguration section */
		AEB9C33C1CAA04E7001163EE /* Debug */ = {
			isa = XCBuildConfiguration;
			buildSettings = {
				ALWAYS_SEARCH_USER_PATHS = NO;
				CLANG_CXX_LANGUAGE_STANDARD = "gnu++0x";
				CLANG_CXX_LIBRARY = "libc++";
				CLANG_ENABLE_MODULES = YES;
				CLANG_ENABLE_OBJC_ARC = YES;
				CLANG_WARN_BOOL_CONVERSION = YES;
				CLANG_WARN_CONSTANT_CONVERSION = YES;
				CLANG_WARN_DIRECT_OBJC_ISA_USAGE = YES_ERROR;
				CLANG_WARN_EMPTY_BODY = YES;
				CLANG_WARN_ENUM_CONVERSION = YES;
				CLANG_WARN_INT_CONVERSION = YES;
				CLANG_WARN_OBJC_ROOT_CLASS = YES_ERROR;
				CLANG_WARN_UNREACHABLE_CODE = YES;
				CLANG_WARN__DUPLICATE_METHOD_MATCH = YES;
				"CODE_SIGN_IDENTITY[sdk=iphoneos*]" = "iPhone Developer";
				COPY_PHASE_STRIP = NO;
				DEBUG_INFORMATION_FORMAT = dwarf;
				ENABLE_STRICT_OBJC_MSGSEND = YES;
				ENABLE_TESTABILITY = YES;
				GCC_C_LANGUAGE_STANDARD = gnu99;
				GCC_DYNAMIC_NO_PIC = NO;
				GCC_NO_COMMON_BLOCKS = YES;
				GCC_OPTIMIZATION_LEVEL = 0;
				GCC_PREPROCESSOR_DEFINITIONS = (
					"DEBUG=1",
					"$(inherited)",
				);
				GCC_WARN_64_TO_32_BIT_CONVERSION = YES;
				GCC_WARN_ABOUT_RETURN_TYPE = YES_ERROR;
				GCC_WARN_UNDECLARED_SELECTOR = YES;
				GCC_WARN_UNINITIALIZED_AUTOS = YES_AGGRESSIVE;
				GCC_WARN_UNUSED_FUNCTION = YES;
				GCC_WARN_UNUSED_VARIABLE = YES;
				IPHONEOS_DEPLOYMENT_TARGET = 9.2;
				MTL_ENABLE_DEBUG_INFO = YES;
				ONLY_ACTIVE_ARCH = YES;
				SDKROOT = iphoneos;
				SWIFT_OPTIMIZATION_LEVEL = "-Onone";
			};
			name = Debug;
		};
		AEB9C33D1CAA04E8001163EE /* Release */ = {
			isa = XCBuildConfiguration;
			buildSettings = {
				ALWAYS_SEARCH_USER_PATHS = NO;
				CLANG_CXX_LANGUAGE_STANDARD = "gnu++0x";
				CLANG_CXX_LIBRARY = "libc++";
				CLANG_ENABLE_MODULES = YES;
				CLANG_ENABLE_OBJC_ARC = YES;
				CLANG_WARN_BOOL_CONVERSION = YES;
				CLANG_WARN_CONSTANT_CONVERSION = YES;
				CLANG_WARN_DIRECT_OBJC_ISA_USAGE = YES_ERROR;
				CLANG_WARN_EMPTY_BODY = YES;
				CLANG_WARN_ENUM_CONVERSION = YES;
				CLANG_WARN_INT_CONVERSION = YES;
				CLANG_WARN_OBJC_ROOT_CLASS = YES_ERROR;
				CLANG_WARN_UNREACHABLE_CODE = YES;
				CLANG_WARN__DUPLICATE_METHOD_MATCH = YES;
				"CODE_SIGN_IDENTITY[sdk=iphoneos*]" = "iPhone Developer";
				COPY_PHASE_STRIP = NO;
				DEBUG_INFORMATION_FORMAT = "dwarf-with-dsym";
				ENABLE_NS_ASSERTIONS = NO;
				ENABLE_STRICT_OBJC_MSGSEND = YES;
				GCC_C_LANGUAGE_STANDARD = gnu99;
				GCC_NO_COMMON_BLOCKS = YES;
				GCC_WARN_64_TO_32_BIT_CONVERSION = YES;
				GCC_WARN_ABOUT_RETURN_TYPE = YES_ERROR;
				GCC_WARN_UNDECLARED_SELECTOR = YES;
				GCC_WARN_UNINITIALIZED_AUTOS = YES_AGGRESSIVE;
				GCC_WARN_UNUSED_FUNCTION = YES;
				GCC_WARN_UNUSED_VARIABLE = YES;
				IPHONEOS_DEPLOYMENT_TARGET = 9.2;
				MTL_ENABLE_DEBUG_INFO = NO;
				SDKROOT = iphoneos;
				VALIDATE_PRODUCT = YES;
			};
			name = Release;
		};
		AEB9C33F1CAA04E8001163EE /* Debug */ = {
			isa = XCBuildConfiguration;
			buildSettings = {
				ASSETCATALOG_COMPILER_APPICON_NAME = AppIcon;
				INFOPLIST_FILE = "Women On Call/Info.plist";
				LD_RUNPATH_SEARCH_PATHS = "$(inherited) @executable_path/Frameworks";
				PRODUCT_BUNDLE_IDENTIFIER = "Chi-Ladies-Hack.Women-On-Call";
				PRODUCT_NAME = "$(TARGET_NAME)";
			};
			name = Debug;
		};
		AEB9C3401CAA04E8001163EE /* Release */ = {
			isa = XCBuildConfiguration;
			buildSettings = {
				ASSETCATALOG_COMPILER_APPICON_NAME = AppIcon;
				INFOPLIST_FILE = "Women On Call/Info.plist";
				LD_RUNPATH_SEARCH_PATHS = "$(inherited) @executable_path/Frameworks";
				PRODUCT_BUNDLE_IDENTIFIER = "Chi-Ladies-Hack.Women-On-Call";
				PRODUCT_NAME = "$(TARGET_NAME)";
			};
			name = Release;
		};
		AEB9C3421CAA04E8001163EE /* Debug */ = {
			isa = XCBuildConfiguration;
			buildSettings = {
				BUNDLE_LOADER = "$(TEST_HOST)";
				INFOPLIST_FILE = "Women On CallTests/Info.plist";
				LD_RUNPATH_SEARCH_PATHS = "$(inherited) @executable_path/Frameworks @loader_path/Frameworks";
				PRODUCT_BUNDLE_IDENTIFIER = "Chi-Ladies-Hack.Women-On-CallTests";
				PRODUCT_NAME = "$(TARGET_NAME)";
				TEST_HOST = "$(BUILT_PRODUCTS_DIR)/Women On Call.app/Women On Call";
			};
			name = Debug;
		};
		AEB9C3431CAA04E8001163EE /* Release */ = {
			isa = XCBuildConfiguration;
			buildSettings = {
				BUNDLE_LOADER = "$(TEST_HOST)";
				INFOPLIST_FILE = "Women On CallTests/Info.plist";
				LD_RUNPATH_SEARCH_PATHS = "$(inherited) @executable_path/Frameworks @loader_path/Frameworks";
				PRODUCT_BUNDLE_IDENTIFIER = "Chi-Ladies-Hack.Women-On-CallTests";
				PRODUCT_NAME = "$(TARGET_NAME)";
				TEST_HOST = "$(BUILT_PRODUCTS_DIR)/Women On Call.app/Women On Call";
			};
			name = Release;
		};
/* End XCBuildConfiguration section */

/* Begin XCConfigurationList section */
		AEB9C3191CAA04E7001163EE /* Build configuration list for PBXProject "Women On Call" */ = {
			isa = XCConfigurationList;
			buildConfigurations = (
				AEB9C33C1CAA04E7001163EE /* Debug */,
				AEB9C33D1CAA04E8001163EE /* Release */,
			);
			defaultConfigurationIsVisible = 0;
			defaultConfigurationName = Release;
		};
		AEB9C33E1CAA04E8001163EE /* Build configuration list for PBXNativeTarget "Women On Call" */ = {
			isa = XCConfigurationList;
			buildConfigurations = (
				AEB9C33F1CAA04E8001163EE /* Debug */,
				AEB9C3401CAA04E8001163EE /* Release */,
			);
			defaultConfigurationIsVisible = 0;
			defaultConfigurationName = Release;
		};
		AEB9C3411CAA04E8001163EE /* Build configuration list for PBXNativeTarget "Women On CallTests" */ = {
			isa = XCConfigurationList;
			buildConfigurations = (
				AEB9C3421CAA04E8001163EE /* Debug */,
				AEB9C3431CAA04E8001163EE /* Release */,
			);
			defaultConfigurationIsVisible = 0;
			defaultConfigurationName = Release;
		};
/* End XCConfigurationList section */

/* Begin XCVersionGroup section */
		AEB9C3281CAA04E7001163EE /* Women_On_Call.xcdatamodeld */ = {
			isa = XCVersionGroup;
			children = (
				AEB9C3291CAA04E7001163EE /* Women_On_Call.xcdatamodel */,
			);
			currentVersion = AEB9C3291CAA04E7001163EE /* Women_On_Call.xcdatamodel */;
			path = Women_On_Call.xcdatamodeld;
			sourceTree = "<group>";
			versionGroupType = wrapper.xcdatamodel;
		};
/* End XCVersionGroup section */
	};
	rootObject = AEB9C3161CAA04E7001163EE /* Project object */;
}
